
Microsoft Visual Studio Solution File, Format Version 12.00
# Visual Studio Version 17
VisualStudioVersion = 17.5.33530.505
MinimumVisualStudioVersion = 10.0.40219.1
Project("{9A19103F-16F7-4668-BE54-9A1E7A4F7556}") = "BlazorEcommerce.Server", "BlazorEcommerce\Server\BlazorEcommerce.Server.csproj", "{FACFCFE2-2B44-49F6-B19F-A9C560916D01}"
EndProject
Project("{9A19103F-16F7-4668-BE54-9A1E7A4F7556}") = "BlazorEcommerce.Client", "BlazorEcommerce\Client\BlazorEcommerce.Client.csproj", "{F69D27D1-15CB-4115-83BD-111B2BCDA283}"
EndProject
Project("{9A19103F-16F7-4668-BE54-9A1E7A4F7556}") = "BlazorEcommerce.Shared", "BlazorEcommerce\Shared\BlazorEcommerce.Shared.csproj", "{F6D9C3DC-8247-40CD-AE5A-97985BE60520}"
EndProject
Global
	GlobalSection(SolutionConfigurationPlatforms) = preSolution
		Debug|Any CPU = Debug|Any CPU
		Release|Any CPU = Release|Any CPU
	EndGlobalSection
	GlobalSection(ProjectConfigurationPlatforms) = postSolution
		{FACFCFE2-2B44-49F6-B19F-A9C560916D01}.Debug|Any CPU.ActiveCfg = Debug|Any CPU
		{FACFCFE2-2B44-49F6-B19F-A9C560916D01}.Debug|Any CPU.Build.0 = Debug|Any CPU
		{FACFCFE2-2B44-49F6-B19F-A9C560916D01}.Release|Any CPU.ActiveCfg = Release|Any CPU
		{FACFCFE2-2B44-49F6-B19F-A9C560916D01}.Release|Any CPU.Build.0 = Release|Any CPU
		{F69D27D1-15CB-4115-83BD-111B2BCDA283}.Debug|Any CPU.ActiveCfg = Debug|Any CPU
		{F69D27D1-15CB-4115-83BD-111B2BCDA283}.Debug|Any CPU.Build.0 = Debug|Any CPU
		{F69D27D1-15CB-4115-83BD-111B2BCDA283}.Release|Any CPU.ActiveCfg = Release|Any CPU
		{F69D27D1-15CB-4115-83BD-111B2BCDA283}.Release|Any CPU.Build.0 = Release|Any CPU
		{F6D9C3DC-8247-40CD-AE5A-97985BE60520}.Debug|Any CPU.ActiveCfg = Debug|Any CPU
		{F6D9C3DC-8247-40CD-AE5A-97985BE60520}.Debug|Any CPU.Build.0 = Debug|Any CPU
		{F6D9C3DC-8247-40CD-AE5A-97985BE60520}.Release|Any CPU.ActiveCfg = Release|Any CPU
		{F6D9C3DC-8247-40CD-AE5A-97985BE60520}.Release|Any CPU.Build.0 = Release|Any CPU
	EndGlobalSection
	GlobalSection(SolutionProperties) = preSolution
		HideSolutionNode = FALSE
	EndGlobalSection
	GlobalSection(ExtensibilityGlobals) = postSolution
		SolutionGuid = {00624F0A-DBFE-4FA1-8E7D-BBA60C6159B8}
	EndGlobalSection
EndGlobal
